// !$*UTF8*$!
{
	archiveVersion = 1;
	classes = {
	};
	objectVersion = 55;
	objects = {

/* Begin PBXBuildFile section */
		5E164AA52864C4D200FCD615 /* AppDelegate.swift in Sources */ = {isa = PBXBuildFile; fileRef = 5E164AA42864C4D200FCD615 /* AppDelegate.swift */; };
		5E164AA72864C4D200FCD615 /* SceneDelegate.swift in Sources */ = {isa = PBXBuildFile; fileRef = 5E164AA62864C4D200FCD615 /* SceneDelegate.swift */; };
		5E164AA92864C4D200FCD615 /* ViewController.swift in Sources */ = {isa = PBXBuildFile; fileRef = 5E164AA82864C4D200FCD615 /* ViewController.swift */; };
		5E164AAC2864C4D200FCD615 /* Main.storyboard in Resources */ = {isa = PBXBuildFile; fileRef = 5E164AAA2864C4D200FCD615 /* Main.storyboard */; };
		5E164AAF2864C4D200FCD615 /* Project_2.xcdatamodeld in Sources */ = {isa = PBXBuildFile; fileRef = 5E164AAD2864C4D200FCD615 /* Project_2.xcdatamodeld */; };
		5E164AB12864C4D300FCD615 /* Assets.xcassets in Resources */ = {isa = PBXBuildFile; fileRef = 5E164AB02864C4D300FCD615 /* Assets.xcassets */; };
		5E164AB42864C4D300FCD615 /* LaunchScreen.storyboard in Resources */ = {isa = PBXBuildFile; fileRef = 5E164AB22864C4D300FCD615 /* LaunchScreen.storyboard */; };
		5E164ABF2864C4D300FCD615 /* Project_2Tests.swift in Sources */ = {isa = PBXBuildFile; fileRef = 5E164ABE2864C4D300FCD615 /* Project_2Tests.swift */; };
		5E164AC92864C4D300FCD615 /* Project_2UITests.swift in Sources */ = {isa = PBXBuildFile; fileRef = 5E164AC82864C4D300FCD615 /* Project_2UITests.swift */; };
		5E164ACB2864C4D300FCD615 /* Project_2UITestsLaunchTests.swift in Sources */ = {isa = PBXBuildFile; fileRef = 5E164ACA2864C4D300FCD615 /* Project_2UITestsLaunchTests.swift */; };
		5E164AD82864EA1700FCD615 /* secondViewController.swift in Sources */ = {isa = PBXBuildFile; fileRef = 5E164AD72864EA1700FCD615 /* secondViewController.swift */; };
		5E164ADA2864EA3600FCD615 /* thridViewController.swift in Sources */ = {isa = PBXBuildFile; fileRef = 5E164AD92864EA3600FCD615 /* thridViewController.swift */; };
/* End PBXBuildFile section */

/* Begin PBXContainerItemProxy section */
		5E164ABB2864C4D300FCD615 /* PBXContainerItemProxy */ = {
			isa = PBXContainerItemProxy;
			containerPortal = 5E164A992864C4D200FCD615 /* Project object */;
			proxyType = 1;
			remoteGlobalIDString = 5E164AA02864C4D200FCD615;
			remoteInfo = "Project 2";
		};
		5E164AC52864C4D300FCD615 /* PBXContainerItemProxy */ = {
			isa = PBXContainerItemProxy;
			containerPortal = 5E164A992864C4D200FCD615 /* Project object */;
			proxyType = 1;
			remoteGlobalIDString = 5E164AA02864C4D200FCD615;
			remoteInfo = "Project 2";
		};
/* End PBXContainerItemProxy section */

/* Begin PBXFileReference section */
		5E164AA12864C4D200FCD615 /* Project 2.app */ = {isa = PBXFileReference; explicitFileType = wrapper.application; includeInIndex = 0; path = "Project 2.app"; sourceTree = BUILT_PRODUCTS_DIR; };
		5E164AA42864C4D200FCD615 /* AppDelegate.swift */ = {isa = PBXFileReference; lastKnownFileType = sourcecode.swift; path = AppDelegate.swift; sourceTree = "<group>"; };
		5E164AA62864C4D200FCD615 /* SceneDelegate.swift */ = {isa = PBXFileReference; lastKnownFileType = sourcecode.swift; path = SceneDelegate.swift; sourceTree = "<group>"; };
		5E164AA82864C4D200FCD615 /* ViewController.swift */ = {isa = PBXFileReference; lastKnownFileType = sourcecode.swift; path = ViewController.swift; sourceTree = "<group>"; };
		5E164AAB2864C4D200FCD615 /* Base */ = {isa = PBXFileReference; lastKnownFileType = file.storyboard; name = Base; path = Base.lproj/Main.storyboard; sourceTree = "<group>"; };
		5E164AAE2864C4D200FCD615 /* Project_2.xcdatamodel */ = {isa = PBXFileReference; lastKnownFileType = wrapper.xcdatamodel; path = Project_2.xcdatamodel; sourceTree = "<group>"; };
		5E164AB02864C4D300FCD615 /* Assets.xcassets */ = {isa = PBXFileReference; lastKnownFileType = folder.assetcatalog; path = Assets.xcassets; sourceTree = "<group>"; };
		5E164AB32864C4D300FCD615 /* Base */ = {isa = PBXFileReference; lastKnownFileType = file.storyboard; name = Base; path = Base.lproj/LaunchScreen.storyboard; sourceTree = "<group>"; };
		5E164AB52864C4D300FCD615 /* Info.plist */ = {isa = PBXFileReference; lastKnownFileType = text.plist.xml; path = Info.plist; sourceTree = "<group>"; };
		5E164ABA2864C4D300FCD615 /* Project 2Tests.xctest */ = {isa = PBXFileReference; explicitFileType = wrapper.cfbundle; includeInIndex = 0; path = "Project 2Tests.xctest"; sourceTree = BUILT_PRODUCTS_DIR; };
		5E164ABE2864C4D300FCD615 /* Project_2Tests.swift */ = {isa = PBXFileReference; lastKnownFileType = sourcecode.swift; path = Project_2Tests.swift; sourceTree = "<group>"; };
		5E164AC42864C4D300FCD615 /* Project 2UITests.xctest */ = {isa = PBXFileReference; explicitFileType = wrapper.cfbundle; includeInIndex = 0; path = "Project 2UITests.xctest"; sourceTree = BUILT_PRODUCTS_DIR; };
		5E164AC82864C4D300FCD615 /* Project_2UITests.swift */ = {isa = PBXFileReference; lastKnownFileType = sourcecode.swift; path = Project_2UITests.swift; sourceTree = "<group>"; };
		5E164ACA2864C4D300FCD615 /* Project_2UITestsLaunchTests.swift */ = {isa = PBXFileReference; lastKnownFileType = sourcecode.swift; path = Project_2UITestsLaunchTests.swift; sourceTree = "<group>"; };
		5E164AD72864EA1700FCD615 /* secondViewController.swift */ = {isa = PBXFileReference; lastKnownFileType = sourcecode.swift; path = secondViewController.swift; sourceTree = "<group>"; };
		5E164AD92864EA3600FCD615 /* thridViewController.swift */ = {isa = PBXFileReference; lastKnownFileType = sourcecode.swift; path = thridViewController.swift; sourceTree = "<group>"; };
/* End PBXFileReference section */

/* Begin PBXFrameworksBuildPhase section */
		5E164A9E2864C4D200FCD615 /* Frameworks */ = {
			isa = PBXFrameworksBuildPhase;
			buildActionMask = 2147483647;
			files = (
			);
			runOnlyForDeploymentPostprocessing = 0;
		};
		5E164AB72864C4D300FCD615 /* Frameworks */ = {
			isa = PBXFrameworksBuildPhase;
			buildActionMask = 2147483647;
			files = (
			);
			runOnlyForDeploymentPostprocessing = 0;
		};
		5E164AC12864C4D300FCD615 /* Frameworks */ = {
			isa = PBXFrameworksBuildPhase;
			buildActionMask = 2147483647;
			files = (
			);
			runOnlyForDeploymentPostprocessing = 0;
		};
/* End PBXFrameworksBuildPhase section */

/* Begin PBXGroup section */
		5E164A982864C4D200FCD615 = {
			isa = PBXGroup;
			children = (
				5E164AA32864C4D200FCD615 /* Project 2 */,
				5E164ABD2864C4D300FCD615 /* Project 2Tests */,
				5E164AC72864C4D300FCD615 /* Project 2UITests */,
				5E164AA22864C4D200FCD615 /* Products */,
			);
			sourceTree = "<group>";
		};
		5E164AA22864C4D200FCD615 /* Products */ = {
			isa = PBXGroup;
			children = (
				5E164AA12864C4D200FCD615 /* Project 2.app */,
				5E164ABA2864C4D300FCD615 /* Project 2Tests.xctest */,
				5E164AC42864C4D300FCD615 /* Project 2UITests.xctest */,
			);
			name = Products;
			sourceTree = "<group>";
		};
		5E164AA32864C4D200FCD615 /* Project 2 */ = {
			isa = PBXGroup;
			children = (
				5E164AA42864C4D200FCD615 /* AppDelegate.swift */,
				5E164AA62864C4D200FCD615 /* SceneDelegate.swift */,
				5E164AA82864C4D200FCD615 /* ViewController.swift */,
				5E164AD72864EA1700FCD615 /* secondViewController.swift */,
				5E164AD92864EA3600FCD615 /* thridViewController.swift */,
				5E164AAA2864C4D200FCD615 /* Main.storyboard */,
				5E164AB02864C4D300FCD615 /* Assets.xcassets */,
				5E164AB22864C4D300FCD615 /* LaunchScreen.storyboard */,
				5E164AB52864C4D300FCD615 /* Info.plist */,
				5E164AAD2864C4D200FCD615 /* Project_2.xcdatamodeld */,
			);
			path = "Project 2";
			sourceTree = "<group>";
		};
		5E164ABD2864C4D300FCD615 /* Project 2Tests */ = {
			isa = PBXGroup;
			children = (
				5E164ABE2864C4D300FCD615 /* Project_2Tests.swift */,
			);
			path = "Project 2Tests";
			sourceTree = "<group>";
		};
		5E164AC72864C4D300FCD615 /* Project 2UITests */ = {
			isa = PBXGroup;
			children = (
				5E164AC82864C4D300FCD615 /* Project_2UITests.swift */,
				5E164ACA2864C4D300FCD615 /* Project_2UITestsLaunchTests.swift */,
			);
			path = "Project 2UITests";
			sourceTree = "<group>";
		};
/* End PBXGroup section */

/* Begin PBXNativeTarget section */
		5E164AA02864C4D200FCD615 /* Project 2 */ = {
			isa = PBXNativeTarget;
			buildConfigurationList = 5E164ACE2864C4D300FCD615 /* Build configuration list for PBXNativeTarget "Project 2" */;
			buildPhases = (
				5E164A9D2864C4D200FCD615 /* Sources */,
				5E164A9E2864C4D200FCD615 /* Frameworks */,
				5E164A9F2864C4D200FCD615 /* Resources */,
			);
			buildRules = (
			);
			dependencies = (
			);
			name = "Project 2";
			productName = "Project 2";
			productReference = 5E164AA12864C4D200FCD615 /* Project 2.app */;
			productType = "com.apple.product-type.application";
		};
		5E164AB92864C4D300FCD615 /* Project 2Tests */ = {
			isa = PBXNativeTarget;
			buildConfigurationList = 5E164AD12864C4D300FCD615 /* Build configuration list for PBXNativeTarget "Project 2Tests" */;
			buildPhases = (
				5E164AB62864C4D300FCD615 /* Sources */,
				5E164AB72864C4D300FCD615 /* Frameworks */,
				5E164AB82864C4D300FCD615 /* Resources */,
			);
			buildRules = (
			);
			dependencies = (
				5E164ABC2864C4D300FCD615 /* PBXTargetDependency */,
			);
			name = "Project 2Tests";
			productName = "Project 2Tests";
			productReference = 5E164ABA2864C4D300FCD615 /* Project 2Tests.xctest */;
			productType = "com.apple.product-type.bundle.unit-test";
		};
		5E164AC32864C4D300FCD615 /* Project 2UITests */ = {
			isa = PBXNativeTarget;
			buildConfigurationList = 5E164AD42864C4D300FCD615 /* Build configuration list for PBXNativeTarget "Project 2UITests" */;
			buildPhases = (
				5E164AC02864C4D300FCD615 /* Sources */,
				5E164AC12864C4D300FCD615 /* Frameworks */,
				5E164AC22864C4D300FCD615 /* Resources */,
			);
			buildRules = (
			);
			dependencies = (
				5E164AC62864C4D300FCD615 /* PBXTargetDependency */,
			);
			name = "Project 2UITests";
			productName = "Project 2UITests";
			productReference = 5E164AC42864C4D300FCD615 /* Project 2UITests.xctest */;
			productType = "com.apple.product-type.bundle.ui-testing";
		};
/* End PBXNativeTarget section */

/* Begin PBXProject section */
		5E164A992864C4D200FCD615 /* Project object */ = {
			isa = PBXProject;
			attributes = {
				BuildIndependentTargetsInParallel = 1;
				LastSwiftUpdateCheck = 1340;
				LastUpgradeCheck = 1340;
				TargetAttributes = {
					5E164AA02864C4D200FCD615 = {
						CreatedOnToolsVersion = 13.4.1;
					};
					5E164AB92864C4D300FCD615 = {
						CreatedOnToolsVersion = 13.4.1;
						TestTargetID = 5E164AA02864C4D200FCD615;
					};
					5E164AC32864C4D300FCD615 = {
						CreatedOnToolsVersion = 13.4.1;
						TestTargetID = 5E164AA02864C4D200FCD615;
					};
				};
			};
			buildConfigurationList = 5E164A9C2864C4D200FCD615 /* Build configuration list for PBXProject "Project 2" */;
			compatibilityVersion = "Xcode 13.0";
			developmentRegion = en;
			hasScannedForEncodings = 0;
			knownRegions = (
				en,
				Base,
			);
			mainGroup = 5E164A982864C4D200FCD615;
			productRefGroup = 5E164AA22864C4D200FCD615 /* Products */;
			projectDirPath = "";
			projectRoot = "";
			targets = (
				5E164AA02864C4D200FCD615 /* Project 2 */,
				5E164AB92864C4D300FCD615 /* Project 2Tests */,
				5E164AC32864C4D300FCD615 /* Project 2UITests */,
			);
		};
/* End PBXProject section */

/* Begin PBXResourcesBuildPhase section */
		5E164A9F2864C4D200FCD615 /* Resources */ = {
			isa = PBXResourcesBuildPhase;
			buildActionMask = 2147483647;
			files = (
				5E164AB42864C4D300FCD615 /* LaunchScreen.storyboard in Resources */,
				5E164AB12864C4D300FCD615 /* Assets.xcassets in Resources */,
				5E164AAC2864C4D200FCD615 /* Main.storyboard in Resources */,
			);
			runOnlyForDeploymentPostprocessing = 0;
		};
		5E164AB82864C4D300FCD615 /* Resources */ = {
			isa = PBXResourcesBuildPhase;
			buildActionMask = 2147483647;
			files = (
			);
			runOnlyForDeploymentPostprocessing = 0;
		};
		5E164AC22864C4D300FCD615 /* Resources */ = {
			isa = PBXResourcesBuildPhase;
			buildActionMask = 2147483647;
			files = (
			);
			runOnlyForDeploymentPostprocessing = 0;
		};
/* End PBXResourcesBuildPhase section */

/* Begin PBXSourcesBuildPhase section */
		5E164A9D2864C4D200FCD615 /* Sources */ = {
			isa = PBXSourcesBuildPhase;
			buildActionMask = 2147483647;
			files = (
				5E164AA92864C4D200FCD615 /* ViewController.swift in Sources */,
				5E164AA52864C4D200FCD615 /* AppDelegate.swift in Sources */,
				5E164ADA2864EA3600FCD615 /* thridViewController.swift in Sources */,
				5E164AAF2864C4D200FCD615 /* Project_2.xcdatamodeld in Sources */,
				5E164AD82864EA1700FCD615 /* secondViewController.swift in Sources */,
				5E164AA72864C4D200FCD615 /* SceneDelegate.swift in Sources */,
			);
			runOnlyForDeploymentPostprocessing = 0;
		};
		5E164AB62864C4D300FCD615 /* Sources */ = {
			isa = PBXSourcesBuildPhase;
			buildActionMask = 2147483647;
			files = (
				5E164ABF2864C4D300FCD615 /* Project_2Tests.swift in Sources */,
			);
			runOnlyForDeploymentPostprocessing = 0;
		};
		5E164AC02864C4D300FCD615 /* Sources */ = {
			isa = PBXSourcesBuildPhase;
			buildActionMask = 2147483647;
			files = (
				5E164AC92864C4D300FCD615 /* Project_2UITests.swift in Sources */,
				5E164ACB2864C4D300FCD615 /* Project_2UITestsLaunchTests.swift in Sources */,
			);
			runOnlyForDeploymentPostprocessing = 0;
		};
/* End PBXSourcesBuildPhase section */

/* Begin PBXTargetDependency section */
		5E164ABC2864C4D300FCD615 /* PBXTargetDependency */ = {
			isa = PBXTargetDependency;
			target = 5E164AA02864C4D200FCD615 /* Project 2 */;
			targetProxy = 5E164ABB2864C4D300FCD615 /* PBXContainerItemProxy */;
		};
		5E164AC62864C4D300FCD615 /* PBXTargetDependency */ = {
			isa = PBXTargetDependency;
			target = 5E164AA02864C4D200FCD615 /* Project 2 */;
			targetProxy = 5E164AC52864C4D300FCD615 /* PBXContainerItemProxy */;
		};
/* End PBXTargetDependency section */

/* Begin PBXVariantGroup section */
		5E164AAA2864C4D200FCD615 /* Main.storyboard */ = {
			isa = PBXVariantGroup;
			children = (
				5E164AAB2864C4D200FCD615 /* Base */,
			);
			name = Main.storyboard;
			sourceTree = "<group>";
		};
		5E164AB22864C4D300FCD615 /* LaunchScreen.storyboard */ = {
			isa = PBXVariantGroup;
			children = (
				5E164AB32864C4D300FCD615 /* Base */,
			);
			name = LaunchScreen.storyboard;
			sourceTree = "<group>";
		};
/* End PBXVariantGroup section */

/* Begin XCBuildConfiguration section */
		5E164ACC2864C4D300FCD615 /* Debug */ = {
			isa = XCBuildConfiguration;
			buildSettings = {
				ALWAYS_SEARCH_USER_PATHS = NO;
				CLANG_ANALYZER_NONNULL = YES;
				CLANG_ANALYZER_NUMBER_OBJECT_CONVERSION = YES_AGGRESSIVE;
				CLANG_CXX_LANGUAGE_STANDARD = "gnu++17";
				CLANG_ENABLE_MODULES = YES;
				CLANG_ENABLE_OBJC_ARC = YES;
				CLANG_ENABLE_OBJC_WEAK = YES;
				CLANG_WARN_BLOCK_CAPTURE_AUTORELEASING = YES;
				CLANG_WARN_BOOL_CONVERSION = YES;
				CLANG_WARN_COMMA = YES;
				CLANG_WARN_CONSTANT_CONVERSION = YES;
				CLANG_WARN_DEPRECATED_OBJC_IMPLEMENTATIONS = YES;
				CLANG_WARN_DIRECT_OBJC_ISA_USAGE = YES_ERROR;
				CLANG_WARN_DOCUMENTATION_COMMENTS = YES;
				CLANG_WARN_EMPTY_BODY = YES;
				CLANG_WARN_ENUM_CONVERSION = YES;
				CLANG_WARN_INFINITE_RECURSION = YES;
				CLANG_WARN_INT_CONVERSION = YES;
				CLANG_WARN_NON_LITERAL_NULL_CONVERSION = YES;
				CLANG_WARN_OBJC_IMPLICIT_RETAIN_SELF = YES;
				CLANG_WARN_OBJC_LITERAL_CONVERSION = YES;
				CLANG_WARN_OBJC_ROOT_CLASS = YES_ERROR;
				CLANG_WARN_QUOTED_INCLUDE_IN_FRAMEWORK_HEADER = YES;
				CLANG_WARN_RANGE_LOOP_ANALYSIS = YES;
				CLANG_WARN_STRICT_PROTOTYPES = YES;
				CLANG_WARN_SUSPICIOUS_MOVE = YES;
				CLANG_WARN_UNGUARDED_AVAILABILITY = YES_AGGRESSIVE;
				CLANG_WARN_UNREACHABLE_CODE = YES;
				CLANG_WARN__DUPLICATE_METHOD_MATCH = YES;
				COPY_PHASE_STRIP = NO;
				DEBUG_INFORMATION_FORMAT = dwarf;
				ENABLE_STRICT_OBJC_MSGSEND = YES;
				ENABLE_TESTABILITY = YES;
				GCC_C_LANGUAGE_STANDARD = gnu11;
				GCC_DYNAMIC_NO_PIC = NO;
				GCC_NO_COMMON_BLOCKS = YES;
				GCC_OPTIMIZATION_LEVEL = 0;
				GCC_PREPROCESSOR_DEFINITIONS = (
					"DEBUG=1",
					"$(inherited)",
				);
				GCC_WARN_64_TO_32_BIT_CONVERSION = YES;
				GCC_WARN_ABOUT_RETURN_TYPE = YES_ERROR;
				GCC_WARN_UNDECLARED_SELECTOR = YES;
				GCC_WARN_UNINITIALIZED_AUTOS = YES_AGGRESSIVE;
				GCC_WARN_UNUSED_FUNCTION = YES;
				GCC_WARN_UNUSED_VARIABLE = YES;
				IPHONEOS_DEPLOYMENT_TARGET = 15.5;
				MTL_ENABLE_DEBUG_INFO = INCLUDE_SOURCE;
				MTL_FAST_MATH = YES;
				ONLY_ACTIVE_ARCH = YES;
				SDKROOT = iphoneos;
				SWIFT_ACTIVE_COMPILATION_CONDITIONS = DEBUG;
				SWIFT_OPTIMIZATION_LEVEL = "-Onone";
			};
			name = Debug;
		};
		5E164ACD2864C4D300FCD615 /* Release */ = {
			isa = XCBuildConfiguration;
			buildSettings = {
				ALWAYS_SEARCH_USER_PATHS = NO;
				CLANG_ANALYZER_NONNULL = YES;
				CLANG_ANALYZER_NUMBER_OBJECT_CONVERSION = YES_AGGRESSIVE;
				CLANG_CXX_LANGUAGE_STANDARD = "gnu++17";
				CLANG_ENABLE_MODULES = YES;
				CLANG_ENABLE_OBJC_ARC = YES;
				CLANG_ENABLE_OBJC_WEAK = YES;
				CLANG_WARN_BLOCK_CAPTURE_AUTORELEASING = YES;
				CLANG_WARN_BOOL_CONVERSION = YES;
				CLANG_WARN_COMMA = YES;
				CLANG_WARN_CONSTANT_CONVERSION = YES;
				CLANG_WARN_DEPRECATED_OBJC_IMPLEMENTATIONS = YES;
				CLANG_WARN_DIRECT_OBJC_ISA_USAGE = YES_ERROR;
				CLANG_WARN_DOCUMENTATION_COMMENTS = YES;
				CLANG_WARN_EMPTY_BODY = YES;
				CLANG_WARN_ENUM_CONVERSION = YES;
				CLANG_WARN_INFINITE_RECURSION = YES;
				CLANG_WARN_INT_CONVERSION = YES;
				CLANG_WARN_NON_LITERAL_NULL_CONVERSION = YES;
				CLANG_WARN_OBJC_IMPLICIT_RETAIN_SELF = YES;
				CLANG_WARN_OBJC_LITERAL_CONVERSION = YES;
				CLANG_WARN_OBJC_ROOT_CLASS = YES_ERROR;
				CLANG_WARN_QUOTED_INCLUDE_IN_FRAMEWORK_HEADER = YES;
				CLANG_WARN_RANGE_LOOP_ANALYSIS = YES;
				CLANG_WARN_STRICT_PROTOTYPES = YES;
				CLANG_WARN_SUSPICIOUS_MOVE = YES;
				CLANG_WARN_UNGUARDED_AVAILABILITY = YES_AGGRESSIVE;
				CLANG_WARN_UNREACHABLE_CODE = YES;
				CLANG_WARN__DUPLICATE_METHOD_MATCH = YES;
				COPY_PHASE_STRIP = NO;
				DEBUG_INFORMATION_FORMAT = "dwarf-with-dsym";
				ENABLE_NS_ASSERTIONS = NO;
				ENABLE_STRICT_OBJC_MSGSEND = YES;
				GCC_C_LANGUAGE_STANDARD = gnu11;
				GCC_NO_COMMON_BLOCKS = YES;
				GCC_WARN_64_TO_32_BIT_CONVERSION = YES;
				GCC_WARN_ABOUT_RETURN_TYPE = YES_ERROR;
				GCC_WARN_UNDECLARED_SELECTOR = YES;
				GCC_WARN_UNINITIALIZED_AUTOS = YES_AGGRESSIVE;
				GCC_WARN_UNUSED_FUNCTION = YES;
				GCC_WARN_UNUSED_VARIABLE = YES;
				IPHONEOS_DEPLOYMENT_TARGET = 15.5;
				MTL_ENABLE_DEBUG_INFO = NO;
				MTL_FAST_MATH = YES;
				SDKROOT = iphoneos;
				SWIFT_COMPILATION_MODE = wholemodule;
				SWIFT_OPTIMIZATION_LEVEL = "-O";
				VALIDATE_PRODUCT = YES;
			};
			name = Release;
		};
		5E164ACF2864C4D300FCD615 /* Debug */ = {
			isa = XCBuildConfiguration;
			buildSettings = {
				ASSETCATALOG_COMPILER_APPICON_NAME = AppIcon;
				ASSETCATALOG_COMPILER_GLOBAL_ACCENT_COLOR_NAME = AccentColor;
				CODE_SIGN_STYLE = Automatic;
				CURRENT_PROJECT_VERSION = 1;
				GENERATE_INFOPLIST_FILE = YES;
				INFOPLIST_FILE = "Project 2/Info.plist";
				INFOPLIST_KEY_CFBundleDisplayName = "Project 2";
				INFOPLIST_KEY_UIApplicationSupportsIndirectInputEvents = YES;
				INFOPLIST_KEY_UILaunchStoryboardName = LaunchScreen;
				INFOPLIST_KEY_UIMainStoryboardFile = Main;
				INFOPLIST_KEY_UISupportedInterfaceOrientations_iPad = "UIInterfaceOrientationPortrait UIInterfaceOrientationPortraitUpsideDown UIInterfaceOrientationLandscapeLeft UIInterfaceOrientationLandscapeRight";
				INFOPLIST_KEY_UISupportedInterfaceOrientations_iPhone = "UIInterfaceOrientationPortrait UIInterfaceOrientationLandscapeLeft UIInterfaceOrientationLandscapeRight";
				LD_RUNPATH_SEARCH_PATHS = (
					"$(inherited)",
					"@executable_path/Frameworks",
				);
				MARKETING_VERSION = 1.0;
				PRODUCT_BUNDLE_IDENTIFIER = "kwk.Project-2";
				PRODUCT_NAME = "$(TARGET_NAME)";
				SWIFT_EMIT_LOC_STRINGS = YES;
				SWIFT_VERSION = 5.0;
				TARGETED_DEVICE_FAMILY = "1,2";
			};
			name = Debug;
		};
		5E164AD02864C4D300FCD615 /* Release */ = {
			isa = XCBuildConfiguration;
			buildSettings = {
				ASSETCATALOG_COMPILER_APPICON_NAME = AppIcon;
				ASSETCATALOG_COMPILER_GLOBAL_ACCENT_COLOR_NAME = AccentColor;
				CODE_SIGN_STYLE = Automatic;
				CURRENT_PROJECT_VERSION = 1;
				GENERATE_INFOPLIST_FILE = YES;
				INFOPLIST_FILE = "Project 2/Info.plist";
				INFOPLIST_KEY_CFBundleDisplayName = "Project 2";
				INFOPLIST_KEY_UIApplicationSupportsIndirectInputEvents = YES;
				INFOPLIST_KEY_UILaunchStoryboardName = LaunchScreen;
				INFOPLIST_KEY_UIMainStoryboardFile = Main;
				INFOPLIST_KEY_UISupportedInterfaceOrientations_iPad = "UIInterfaceOrientationPortrait UIInterfaceOrientationPortraitUpsideDown UIInterfaceOrientationLandscapeLeft UIInterfaceOrientationLandscapeRight";
				INFOPLIST_KEY_UISupportedInterfaceOrientations_iPhone = "UIInterfaceOrientationPortrait UIInterfaceOrientationLandscapeLeft UIInterfaceOrientationLandscapeRight";
				LD_RUNPATH_SEARCH_PATHS = (
					"$(inherited)",
					"@executable_path/Frameworks",
				);
				MARKETING_VERSION = 1.0;
				PRODUCT_BUNDLE_IDENTIFIER = "kwk.Project-2";
				PRODUCT_NAME = "$(TARGET_NAME)";
				SWIFT_EMIT_LOC_STRINGS = YES;
				SWIFT_VERSION = 5.0;
				TARGETED_DEVICE_FAMILY = "1,2";
			};
			name = Release;
		};
		5E164AD22864C4D300FCD615 /* Debug */ = {
			isa = XCBuildConfiguration;
			buildSettings = {
				ALWAYS_EMBED_SWIFT_STANDARD_LIBRARIES = YES;
				BUNDLE_LOADER = "$(TEST_HOST)";
				CODE_SIGN_STYLE = Automatic;
				CURRENT_PROJECT_VERSION = 1;
				GENERATE_INFOPLIST_FILE = YES;
				IPHONEOS_DEPLOYMENT_TARGET = 15.5;
				MARKETING_VERSION = 1.0;
				PRODUCT_BUNDLE_IDENTIFIER = "kwk.Project-2Tests";
				PRODUCT_NAME = "$(TARGET_NAME)";
				SWIFT_EMIT_LOC_STRINGS = NO;
				SWIFT_VERSION = 5.0;
				TARGETED_DEVICE_FAMILY = "1,2";
				TEST_HOST = "$(BUILT_PRODUCTS_DIR)/Project 2.app/Project 2";
			};
			name = Debug;
		};
		5E164AD32864C4D300FCD615 /* Release */ = {
			isa = XCBuildConfiguration;
			buildSettings = {
				ALWAYS_EMBED_SWIFT_STANDARD_LIBRARIES = YES;
				BUNDLE_LOADER = "$(TEST_HOST)";
				CODE_SIGN_STYLE = Automatic;
				CURRENT_PROJECT_VERSION = 1;
				GENERATE_INFOPLIST_FILE = YES;
				IPHONEOS_DEPLOYMENT_TARGET = 15.5;
				MARKETING_VERSION = 1.0;
				PRODUCT_BUNDLE_IDENTIFIER = "kwk.Project-2Tests";
				PRODUCT_NAME = "$(TARGET_NAME)";
				SWIFT_EMIT_LOC_STRINGS = NO;
				SWIFT_VERSION = 5.0;
				TARGETED_DEVICE_FAMILY = "1,2";
				TEST_HOST = "$(BUILT_PRODUCTS_DIR)/Project 2.app/Project 2";
			};
			name = Release;
		};
		5E164AD52864C4D300FCD615 /* Debug */ = {
			isa = XCBuildConfiguration;
			buildSettings = {
				ALWAYS_EMBED_SWIFT_STANDARD_LIBRARIES = YES;
				CODE_SIGN_STYLE = Automatic;
				CURRENT_PROJECT_VERSION = 1;
				GENERATE_INFOPLIST_FILE = YES;
				MARKETING_VERSION = 1.0;
				PRODUCT_BUNDLE_IDENTIFIER = "kwk.Project-2UITests";
				PRODUCT_NAME = "$(TARGET_NAME)";
				SWIFT_EMIT_LOC_STRINGS = NO;
				SWIFT_VERSION = 5.0;
				TARGETED_DEVICE_FAMILY = "1,2";
				TEST_TARGET_NAME = "Project 2";
			};
			name = Debug;
		};
		5E164AD62864C4D300FCD615 /* Release */ = {
			isa = XCBuildConfiguration;
			buildSettings = {
				ALWAYS_EMBED_SWIFT_STANDARD_LIBRARIES = YES;
				CODE_SIGN_STYLE = Automatic;
				CURRENT_PROJECT_VERSION = 1;
				GENERATE_INFOPLIST_FILE = YES;
				MARKETING_VERSION = 1.0;
				PRODUCT_BUNDLE_IDENTIFIER = "kwk.Project-2UITests";
				PRODUCT_NAME = "$(TARGET_NAME)";
				SWIFT_EMIT_LOC_STRINGS = NO;
				SWIFT_VERSION = 5.0;
				TARGETED_DEVICE_FAMILY = "1,2";
				TEST_TARGET_NAME = "Project 2";
			};
			name = Release;
		};
/* End XCBuildConfiguration section */

/* Begin XCConfigurationList section */
		5E164A9C2864C4D200FCD615 /* Build configuration list for PBXProject "Project 2" */ = {
			isa = XCConfigurationList;
			buildConfigurations = (
				5E164ACC2864C4D300FCD615 /* Debug */,
				5E164ACD2864C4D300FCD615 /* Release */,
			);
			defaultConfigurationIsVisible = 0;
			defaultConfigurationName = Release;
		};
		5E164ACE2864C4D300FCD615 /* Build configuration list for PBXNativeTarget "Project 2" */ = {
			isa = XCConfigurationList;
			buildConfigurations = (
				5E164ACF2864C4D300FCD615 /* Debug */,
				5E164AD02864C4D300FCD615 /* Release */,
			);
			defaultConfigurationIsVisible = 0;
			defaultConfigurationName = Release;
		};
		5E164AD12864C4D300FCD615 /* Build configuration list for PBXNativeTarget "Project 2Tests" */ = {
			isa = XCConfigurationList;
			buildConfigurations = (
				5E164AD22864C4D300FCD615 /* Debug */,
				5E164AD32864C4D300FCD615 /* Release */,
			);
			defaultConfigurationIsVisible = 0;
			defaultConfigurationName = Release;
		};
		5E164AD42864C4D300FCD615 /* Build configuration list for PBXNativeTarget "Project 2UITests" */ = {
			isa = XCConfigurationList;
			buildConfigurations = (
				5E164AD52864C4D300FCD615 /* Debug */,
				5E164AD62864C4D300FCD615 /* Release */,
			);
			defaultConfigurationIsVisible = 0;
			defaultConfigurationName = Release;
		};
/* End XCConfigurationList section */

/* Begin XCVersionGroup section */
		5E164AAD2864C4D200FCD615 /* Project_2.xcdatamodeld */ = {
			isa = XCVersionGroup;
			children = (
				5E164AAE2864C4D200FCD615 /* Project_2.xcdatamodel */,
			);
			currentVersion = 5E164AAE2864C4D200FCD615 /* Project_2.xcdatamodel */;
			path = Project_2.xcdatamodeld;
			sourceTree = "<group>";
			versionGroupType = wrapper.xcdatamodel;
		};
/* End XCVersionGroup section */
	};
	rootObject = 5E164A992864C4D200FCD615 /* Project object */;
}
